{
  "name": "projects",
  "version": "1.0.0",
  "lockfileVersion": 3,
  "requires": true,
  "packages": {
    "": {
      "name": "projects",
      "version": "1.0.0",
      "license": "ISC",
      "dependencies": {
        "@anthropic-ai/sdk": "^0.53.0",
        "@notionhq/client": "^3.1.3",
        "dotenv": "^16.5.0"
      }
    },
    "node_modules/@anthropic-ai/sdk": {
      "version": "0.53.0",
      "resolved": "https://registry.npmjs.org/@anthropic-ai/sdk/-/sdk-0.53.0.tgz",
      "integrity": "sha512-bl2frVo0cgHCXTzQEIHXPH329uQXC4YKBaLBkZmUc59tNiR3GgcGpBZU7mwfyv5tPuU/yT7tGHyoe5AnjN02QA==",
      "license": "MIT",
      "bin": {
        "anthropic-ai-sdk": "bin/cli"
      }
    },
    "node_modules/@notionhq/client": {
      "version": "3.1.3",
      "resolved": "https://registry.npmjs.org/@notionhq/client/-/client-3.1.3.tgz",
      "integrity": "sha512-M2gVWoo1dIvBeX/Yc4fvQCVh2g3HQjOxKBWX472Qzma2VNMJV3cPLi0J0A4dmOlkcfNQLVXmhuh54zGHpptZ7g==",
      "license": "MIT",
      "engines": {
        "node": ">=18"
      }
    },
    "node_modules/dotenv": {
      "version": "16.5.0",
      "resolved": "https://registry.npmjs.org/dotenv/-/dotenv-16.5.0.tgz",
      "integrity": "sha512-m/C+AwOAr9/W1UOIZUo232ejMNnJAJtYQjUbHoNTBNTJSvqzzDh7vnrei3o3r3m9blf6ZoDkvcw0VmozNRFJxg==",
      "license": "BSD-2-Clause",
      "engines": {
        "node": ">=12"
      },
      "funding": {
        "url": "https://dotenvx.com"
      }
    }
  }
}
